
Microsoft Visual Studio Solution File, Format Version 12.00
# Visual Studio Version 17
VisualStudioVersion = 17.3.32825.248
MinimumVisualStudioVersion = 10.0.40219.1
Project("{FAE04EC0-301F-11D3-BF4B-00C04F79EFBC}") = "Lab4", "Lab4.csproj", "{FA4BC3BB-9D62-4FE1-A69A-5209FA34DFB7}"
EndProject
Global
	GlobalSection(SolutionConfigurationPlatforms) = preSolution
		Debug|Any CPU = Debug|Any CPU
		Release|Any CPU = Release|Any CPU
	EndGlobalSection
	GlobalSection(ProjectConfigurationPlatforms) = postSolution
		{FA4BC3BB-9D62-4FE1-A69A-5209FA34DFB7}.Debug|Any CPU.ActiveCfg = Debug|Any CPU
		{FA4BC3BB-9D62-4FE1-A69A-5209FA34DFB7}.Debug|Any CPU.Build.0 = Debug|Any CPU
		{FA4BC3BB-9D62-4FE1-A69A-5209FA34DFB7}.Release|Any CPU.ActiveCfg = Release|Any CPU
		{FA4BC3BB-9D62-4FE1-A69A-5209FA34DFB7}.Release|Any CPU.Build.0 = Release|Any CPU
	EndGlobalSection
	GlobalSection(SolutionProperties) = preSolution
		HideSolutionNode = FALSE
	EndGlobalSection
	GlobalSection(ExtensibilityGlobals) = postSolution
		SolutionGuid = {10C81C44-8125-4992-9DDD-F821E1517505}
	EndGlobalSection
EndGlobal
